// !$*UTF8*$!
{
	archiveVersion = 1;
	classes = {
	};
	objectVersion = 55;
	objects = {

/* Begin PBXBuildFile section */
		610D68B828D7148500B56BCF /* API.swift in Sources */ = {isa = PBXBuildFile; fileRef = 610D68B728D7148500B56BCF /* API.swift */; };
		610D68BA28D714AC00B56BCF /* Responses.swift in Sources */ = {isa = PBXBuildFile; fileRef = 610D68B928D714AC00B56BCF /* Responses.swift */; };
		610D68BE28D7150100B56BCF /* MovieRequest.swift in Sources */ = {isa = PBXBuildFile; fileRef = 610D68BD28D7150100B56BCF /* MovieRequest.swift */; };
		610D68C028D7167600B56BCF /* MovieService.swift in Sources */ = {isa = PBXBuildFile; fileRef = 610D68BF28D7167600B56BCF /* MovieService.swift */; };
		616D0ECA28D644BC004F5483 /* AppDelegate.swift in Sources */ = {isa = PBXBuildFile; fileRef = 616D0EC928D644BC004F5483 /* AppDelegate.swift */; };
		616D0ECC28D644BC004F5483 /* SceneDelegate.swift in Sources */ = {isa = PBXBuildFile; fileRef = 616D0ECB28D644BC004F5483 /* SceneDelegate.swift */; };
		616D0ED328D644BC004F5483 /* Assets.xcassets in Resources */ = {isa = PBXBuildFile; fileRef = 616D0ED228D644BC004F5483 /* Assets.xcassets */; };
		616D0ED628D644BC004F5483 /* LaunchScreen.storyboard in Resources */ = {isa = PBXBuildFile; fileRef = 616D0ED428D644BC004F5483 /* LaunchScreen.storyboard */; };
		616D0EE728D6458F004F5483 /* MovieListModule.swift in Sources */ = {isa = PBXBuildFile; fileRef = 616D0EE428D6458F004F5483 /* MovieListModule.swift */; };
		616D0EE828D6458F004F5483 /* MovieListPresenter.swift in Sources */ = {isa = PBXBuildFile; fileRef = 616D0EE528D6458F004F5483 /* MovieListPresenter.swift */; };
		616D0EE928D6458F004F5483 /* MovieListView.swift in Sources */ = {isa = PBXBuildFile; fileRef = 616D0EE628D6458F004F5483 /* MovieListView.swift */; };
		616D0EF028D64A4F004F5483 /* Movie.swift in Sources */ = {isa = PBXBuildFile; fileRef = 616D0EEF28D64A4F004F5483 /* Movie.swift */; };
		616D0EF428D662FE004F5483 /* MovieCell.swift in Sources */ = {isa = PBXBuildFile; fileRef = 616D0EF328D662FE004F5483 /* MovieCell.swift */; };
/* End PBXBuildFile section */

/* Begin PBXFileReference section */
		610D68B728D7148500B56BCF /* API.swift */ = {isa = PBXFileReference; lastKnownFileType = sourcecode.swift; path = API.swift; sourceTree = "<group>"; };
		610D68B928D714AC00B56BCF /* Responses.swift */ = {isa = PBXFileReference; lastKnownFileType = sourcecode.swift; path = Responses.swift; sourceTree = "<group>"; };
		610D68BD28D7150100B56BCF /* MovieRequest.swift */ = {isa = PBXFileReference; lastKnownFileType = sourcecode.swift; path = MovieRequest.swift; sourceTree = "<group>"; };
		610D68BF28D7167600B56BCF /* MovieService.swift */ = {isa = PBXFileReference; lastKnownFileType = sourcecode.swift; path = MovieService.swift; sourceTree = "<group>"; };
		616D0EC628D644BC004F5483 /* WishListrChalenge.app */ = {isa = PBXFileReference; explicitFileType = wrapper.application; includeInIndex = 0; path = WishListrChalenge.app; sourceTree = BUILT_PRODUCTS_DIR; };
		616D0EC928D644BC004F5483 /* AppDelegate.swift */ = {isa = PBXFileReference; lastKnownFileType = sourcecode.swift; path = AppDelegate.swift; sourceTree = "<group>"; };
		616D0ECB28D644BC004F5483 /* SceneDelegate.swift */ = {isa = PBXFileReference; lastKnownFileType = sourcecode.swift; path = SceneDelegate.swift; sourceTree = "<group>"; };
		616D0ED228D644BC004F5483 /* Assets.xcassets */ = {isa = PBXFileReference; lastKnownFileType = folder.assetcatalog; path = Assets.xcassets; sourceTree = "<group>"; };
		616D0ED528D644BC004F5483 /* Base */ = {isa = PBXFileReference; lastKnownFileType = file.storyboard; name = Base; path = Base.lproj/LaunchScreen.storyboard; sourceTree = "<group>"; };
		616D0ED728D644BC004F5483 /* Info.plist */ = {isa = PBXFileReference; lastKnownFileType = text.plist.xml; path = Info.plist; sourceTree = "<group>"; };
		616D0EE428D6458F004F5483 /* MovieListModule.swift */ = {isa = PBXFileReference; lastKnownFileType = sourcecode.swift; path = MovieListModule.swift; sourceTree = "<group>"; };
		616D0EE528D6458F004F5483 /* MovieListPresenter.swift */ = {isa = PBXFileReference; lastKnownFileType = sourcecode.swift; path = MovieListPresenter.swift; sourceTree = "<group>"; };
		616D0EE628D6458F004F5483 /* MovieListView.swift */ = {isa = PBXFileReference; lastKnownFileType = sourcecode.swift; path = MovieListView.swift; sourceTree = "<group>"; };
		616D0EEF28D64A4F004F5483 /* Movie.swift */ = {isa = PBXFileReference; lastKnownFileType = sourcecode.swift; path = Movie.swift; sourceTree = "<group>"; };
		616D0EF328D662FE004F5483 /* MovieCell.swift */ = {isa = PBXFileReference; lastKnownFileType = sourcecode.swift; path = MovieCell.swift; sourceTree = "<group>"; };
/* End PBXFileReference section */

/* Begin PBXFrameworksBuildPhase section */
		616D0EC328D644BC004F5483 /* Frameworks */ = {
			isa = PBXFrameworksBuildPhase;
			buildActionMask = 2147483647;
			files = (
			);
			runOnlyForDeploymentPostprocessing = 0;
		};
/* End PBXFrameworksBuildPhase section */

/* Begin PBXGroup section */
		610D68BB28D714B700B56BCF /* API */ = {
			isa = PBXGroup;
			children = (
				610D68BC28D714BD00B56BCF /* Core */,
				610D68BD28D7150100B56BCF /* MovieRequest.swift */,
				610D68BF28D7167600B56BCF /* MovieService.swift */,
			);
			path = API;
			sourceTree = "<group>";
		};
		610D68BC28D714BD00B56BCF /* Core */ = {
			isa = PBXGroup;
			children = (
				610D68B728D7148500B56BCF /* API.swift */,
				610D68B928D714AC00B56BCF /* Responses.swift */,
			);
			path = Core;
			sourceTree = "<group>";
		};
		616D0EBD28D644BC004F5483 = {
			isa = PBXGroup;
			children = (
				616D0EC828D644BC004F5483 /* WishListrChalenge */,
				616D0EC728D644BC004F5483 /* Products */,
			);
			sourceTree = "<group>";
		};
		616D0EC728D644BC004F5483 /* Products */ = {
			isa = PBXGroup;
			children = (
				616D0EC628D644BC004F5483 /* WishListrChalenge.app */,
			);
			name = Products;
			sourceTree = "<group>";
		};
		616D0EC828D644BC004F5483 /* WishListrChalenge */ = {
			isa = PBXGroup;
			children = (
				616D0EC928D644BC004F5483 /* AppDelegate.swift */,
				616D0ECB28D644BC004F5483 /* SceneDelegate.swift */,
				610D68BB28D714B700B56BCF /* API */,
				616D0EF128D64A51004F5483 /* Entities */,
				616D0EEA28D64592004F5483 /* MovieList */,
				616D0ED228D644BC004F5483 /* Assets.xcassets */,
				616D0ED428D644BC004F5483 /* LaunchScreen.storyboard */,
				616D0ED728D644BC004F5483 /* Info.plist */,
			);
			path = WishListrChalenge;
			sourceTree = "<group>";
		};
		616D0EEA28D64592004F5483 /* MovieList */ = {
			isa = PBXGroup;
			children = (
				616D0EF228D662E3004F5483 /* Cell */,
				616D0EE428D6458F004F5483 /* MovieListModule.swift */,
				616D0EE528D6458F004F5483 /* MovieListPresenter.swift */,
				616D0EE628D6458F004F5483 /* MovieListView.swift */,
			);
			path = MovieList;
			sourceTree = "<group>";
		};
		616D0EF128D64A51004F5483 /* Entities */ = {
			isa = PBXGroup;
			children = (
				616D0EEF28D64A4F004F5483 /* Movie.swift */,
			);
			path = Entities;
			sourceTree = "<group>";
		};
		616D0EF228D662E3004F5483 /* Cell */ = {
			isa = PBXGroup;
			children = (
				616D0EF328D662FE004F5483 /* MovieCell.swift */,
			);
			path = Cell;
			sourceTree = "<group>";
		};
/* End PBXGroup section */

/* Begin PBXNativeTarget section */
		616D0EC528D644BC004F5483 /* WishListrChalenge */ = {
			isa = PBXNativeTarget;
			buildConfigurationList = 616D0EDA28D644BC004F5483 /* Build configuration list for PBXNativeTarget "WishListrChalenge" */;
			buildPhases = (
				616D0EC228D644BC004F5483 /* Sources */,
				616D0EC328D644BC004F5483 /* Frameworks */,
				616D0EC428D644BC004F5483 /* Resources */,
			);
			buildRules = (
			);
			dependencies = (
			);
			name = WishListrChalenge;
			productName = WishListrChalenge;
			productReference = 616D0EC628D644BC004F5483 /* WishListrChalenge.app */;
			productType = "com.apple.product-type.application";
		};
/* End PBXNativeTarget section */

/* Begin PBXProject section */
		616D0EBE28D644BC004F5483 /* Project object */ = {
			isa = PBXProject;
			attributes = {
				BuildIndependentTargetsInParallel = 1;
				LastSwiftUpdateCheck = 1330;
				LastUpgradeCheck = 1330;
				ORGANIZATIONNAME = mobinjt.com;
				TargetAttributes = {
					616D0EC528D644BC004F5483 = {
						CreatedOnToolsVersion = 13.3;
					};
				};
			};
			buildConfigurationList = 616D0EC128D644BC004F5483 /* Build configuration list for PBXProject "WishListrChalenge" */;
			compatibilityVersion = "Xcode 13.0";
			developmentRegion = en;
			hasScannedForEncodings = 0;
			knownRegions = (
				en,
				Base,
			);
			mainGroup = 616D0EBD28D644BC004F5483;
			productRefGroup = 616D0EC728D644BC004F5483 /* Products */;
			projectDirPath = "";
			projectRoot = "";
			targets = (
				616D0EC528D644BC004F5483 /* WishListrChalenge */,
			);
		};
/* End PBXProject section */

/* Begin PBXResourcesBuildPhase section */
		616D0EC428D644BC004F5483 /* Resources */ = {
			isa = PBXResourcesBuildPhase;
			buildActionMask = 2147483647;
			files = (
				616D0ED628D644BC004F5483 /* LaunchScreen.storyboard in Resources */,
				616D0ED328D644BC004F5483 /* Assets.xcassets in Resources */,
			);
			runOnlyForDeploymentPostprocessing = 0;
		};
/* End PBXResourcesBuildPhase section */

/* Begin PBXSourcesBuildPhase section */
		616D0EC228D644BC004F5483 /* Sources */ = {
			isa = PBXSourcesBuildPhase;
			buildActionMask = 2147483647;
			files = (
				610D68BE28D7150100B56BCF /* MovieRequest.swift in Sources */,
				610D68BA28D714AC00B56BCF /* Responses.swift in Sources */,
				616D0EF428D662FE004F5483 /* MovieCell.swift in Sources */,
				616D0ECA28D644BC004F5483 /* AppDelegate.swift in Sources */,
				616D0ECC28D644BC004F5483 /* SceneDelegate.swift in Sources */,
				616D0EF028D64A4F004F5483 /* Movie.swift in Sources */,
				616D0EE928D6458F004F5483 /* MovieListView.swift in Sources */,
				616D0EE728D6458F004F5483 /* MovieListModule.swift in Sources */,
				610D68B828D7148500B56BCF /* API.swift in Sources */,
				616D0EE828D6458F004F5483 /* MovieListPresenter.swift in Sources */,
				610D68C028D7167600B56BCF /* MovieService.swift in Sources */,
			);
			runOnlyForDeploymentPostprocessing = 0;
		};
/* End PBXSourcesBuildPhase section */

/* Begin PBXVariantGroup section */
		616D0ED428D644BC004F5483 /* LaunchScreen.storyboard */ = {
			isa = PBXVariantGroup;
			children = (
				616D0ED528D644BC004F5483 /* Base */,
			);
			name = LaunchScreen.storyboard;
			sourceTree = "<group>";
		};
/* End PBXVariantGroup section */

/* Begin XCBuildConfiguration section */
		616D0ED828D644BC004F5483 /* Debug */ = {
			isa = XCBuildConfiguration;
			buildSettings = {
				ALWAYS_SEARCH_USER_PATHS = NO;
				CLANG_ANALYZER_NONNULL = YES;
				CLANG_ANALYZER_NUMBER_OBJECT_CONVERSION = YES_AGGRESSIVE;
				CLANG_CXX_LANGUAGE_STANDARD = "gnu++17";
				CLANG_ENABLE_MODULES = YES;
				CLANG_ENABLE_OBJC_ARC = YES;
				CLANG_ENABLE_OBJC_WEAK = YES;
				CLANG_WARN_BLOCK_CAPTURE_AUTORELEASING = YES;
				CLANG_WARN_BOOL_CONVERSION = YES;
				CLANG_WARN_COMMA = YES;
				CLANG_WARN_CONSTANT_CONVERSION = YES;
				CLANG_WARN_DEPRECATED_OBJC_IMPLEMENTATIONS = YES;
				CLANG_WARN_DIRECT_OBJC_ISA_USAGE = YES_ERROR;
				CLANG_WARN_DOCUMENTATION_COMMENTS = YES;
				CLANG_WARN_EMPTY_BODY = YES;
				CLANG_WARN_ENUM_CONVERSION = YES;
				CLANG_WARN_INFINITE_RECURSION = YES;
				CLANG_WARN_INT_CONVERSION = YES;
				CLANG_WARN_NON_LITERAL_NULL_CONVERSION = YES;
				CLANG_WARN_OBJC_IMPLICIT_RETAIN_SELF = YES;
				CLANG_WARN_OBJC_LITERAL_CONVERSION = YES;
				CLANG_WARN_OBJC_ROOT_CLASS = YES_ERROR;
				CLANG_WARN_QUOTED_INCLUDE_IN_FRAMEWORK_HEADER = YES;
				CLANG_WARN_RANGE_LOOP_ANALYSIS = YES;
				CLANG_WARN_STRICT_PROTOTYPES = YES;
				CLANG_WARN_SUSPICIOUS_MOVE = YES;
				CLANG_WARN_UNGUARDED_AVAILABILITY = YES_AGGRESSIVE;
				CLANG_WARN_UNREACHABLE_CODE = YES;
				CLANG_WARN__DUPLICATE_METHOD_MATCH = YES;
				COPY_PHASE_STRIP = NO;
				DEBUG_INFORMATION_FORMAT = dwarf;
				ENABLE_STRICT_OBJC_MSGSEND = YES;
				ENABLE_TESTABILITY = YES;
				GCC_C_LANGUAGE_STANDARD = gnu11;
				GCC_DYNAMIC_NO_PIC = NO;
				GCC_NO_COMMON_BLOCKS = YES;
				GCC_OPTIMIZATION_LEVEL = 0;
				GCC_PREPROCESSOR_DEFINITIONS = (
					"DEBUG=1",
					"$(inherited)",
				);
				GCC_WARN_64_TO_32_BIT_CONVERSION = YES;
				GCC_WARN_ABOUT_RETURN_TYPE = YES_ERROR;
				GCC_WARN_UNDECLARED_SELECTOR = YES;
				GCC_WARN_UNINITIALIZED_AUTOS = YES_AGGRESSIVE;
				GCC_WARN_UNUSED_FUNCTION = YES;
				GCC_WARN_UNUSED_VARIABLE = YES;
				IPHONEOS_DEPLOYMENT_TARGET = 15.4;
				MTL_ENABLE_DEBUG_INFO = INCLUDE_SOURCE;
				MTL_FAST_MATH = YES;
				ONLY_ACTIVE_ARCH = YES;
				SDKROOT = iphoneos;
				SWIFT_ACTIVE_COMPILATION_CONDITIONS = DEBUG;
				SWIFT_OPTIMIZATION_LEVEL = "-Onone";
			};
			name = Debug;
		};
		616D0ED928D644BC004F5483 /* Release */ = {
			isa = XCBuildConfiguration;
			buildSettings = {
				ALWAYS_SEARCH_USER_PATHS = NO;
				CLANG_ANALYZER_NONNULL = YES;
				CLANG_ANALYZER_NUMBER_OBJECT_CONVERSION = YES_AGGRESSIVE;
				CLANG_CXX_LANGUAGE_STANDARD = "gnu++17";
				CLANG_ENABLE_MODULES = YES;
				CLANG_ENABLE_OBJC_ARC = YES;
				CLANG_ENABLE_OBJC_WEAK = YES;
				CLANG_WARN_BLOCK_CAPTURE_AUTORELEASING = YES;
				CLANG_WARN_BOOL_CONVERSION = YES;
				CLANG_WARN_COMMA = YES;
				CLANG_WARN_CONSTANT_CONVERSION = YES;
				CLANG_WARN_DEPRECATED_OBJC_IMPLEMENTATIONS = YES;
				CLANG_WARN_DIRECT_OBJC_ISA_USAGE = YES_ERROR;
				CLANG_WARN_DOCUMENTATION_COMMENTS = YES;
				CLANG_WARN_EMPTY_BODY = YES;
				CLANG_WARN_ENUM_CONVERSION = YES;
				CLANG_WARN_INFINITE_RECURSION = YES;
				CLANG_WARN_INT_CONVERSION = YES;
				CLANG_WARN_NON_LITERAL_NULL_CONVERSION = YES;
				CLANG_WARN_OBJC_IMPLICIT_RETAIN_SELF = YES;
				CLANG_WARN_OBJC_LITERAL_CONVERSION = YES;
				CLANG_WARN_OBJC_ROOT_CLASS = YES_ERROR;
				CLANG_WARN_QUOTED_INCLUDE_IN_FRAMEWORK_HEADER = YES;
				CLANG_WARN_RANGE_LOOP_ANALYSIS = YES;
				CLANG_WARN_STRICT_PROTOTYPES = YES;
				CLANG_WARN_SUSPICIOUS_MOVE = YES;
				CLANG_WARN_UNGUARDED_AVAILABILITY = YES_AGGRESSIVE;
				CLANG_WARN_UNREACHABLE_CODE = YES;
				CLANG_WARN__DUPLICATE_METHOD_MATCH = YES;
				COPY_PHASE_STRIP = NO;
				DEBUG_INFORMATION_FORMAT = "dwarf-with-dsym";
				ENABLE_NS_ASSERTIONS = NO;
				ENABLE_STRICT_OBJC_MSGSEND = YES;
				GCC_C_LANGUAGE_STANDARD = gnu11;
				GCC_NO_COMMON_BLOCKS = YES;
				GCC_WARN_64_TO_32_BIT_CONVERSION = YES;
				GCC_WARN_ABOUT_RETURN_TYPE = YES_ERROR;
				GCC_WARN_UNDECLARED_SELECTOR = YES;
				GCC_WARN_UNINITIALIZED_AUTOS = YES_AGGRESSIVE;
				GCC_WARN_UNUSED_FUNCTION = YES;
				GCC_WARN_UNUSED_VARIABLE = YES;
				IPHONEOS_DEPLOYMENT_TARGET = 15.4;
				MTL_ENABLE_DEBUG_INFO = NO;
				MTL_FAST_MATH = YES;
				SDKROOT = iphoneos;
				SWIFT_COMPILATION_MODE = wholemodule;
				SWIFT_OPTIMIZATION_LEVEL = "-O";
				VALIDATE_PRODUCT = YES;
			};
			name = Release;
		};
		616D0EDB28D644BC004F5483 /* Debug */ = {
			isa = XCBuildConfiguration;
			buildSettings = {
				ASSETCATALOG_COMPILER_APPICON_NAME = AppIcon;
				ASSETCATALOG_COMPILER_GLOBAL_ACCENT_COLOR_NAME = AccentColor;
				CODE_SIGN_STYLE = Automatic;
				CURRENT_PROJECT_VERSION = 1;
				DEVELOPMENT_TEAM = G7W2JU7KHV;
				GENERATE_INFOPLIST_FILE = YES;
				INFOPLIST_FILE = WishListrChalenge/Info.plist;
				INFOPLIST_KEY_UIApplicationSupportsIndirectInputEvents = YES;
				INFOPLIST_KEY_UILaunchStoryboardName = LaunchScreen;
				INFOPLIST_KEY_UIMainStoryboardFile = "";
				INFOPLIST_KEY_UISupportedInterfaceOrientations_iPad = "UIInterfaceOrientationPortrait UIInterfaceOrientationPortraitUpsideDown UIInterfaceOrientationLandscapeLeft UIInterfaceOrientationLandscapeRight";
				INFOPLIST_KEY_UISupportedInterfaceOrientations_iPhone = "UIInterfaceOrientationPortrait UIInterfaceOrientationLandscapeLeft UIInterfaceOrientationLandscapeRight";
				LD_RUNPATH_SEARCH_PATHS = (
					"$(inherited)",
					"@executable_path/Frameworks",
				);
				MARKETING_VERSION = 1.0;
				PRODUCT_BUNDLE_IDENTIFIER = com.mobinjt.WishListrChalenge;
				PRODUCT_NAME = "$(TARGET_NAME)";
				SWIFT_EMIT_LOC_STRINGS = YES;
				SWIFT_VERSION = 5.0;
				TARGETED_DEVICE_FAMILY = "1,2";
			};
			name = Debug;
		};
		616D0EDC28D644BC004F5483 /* Release */ = {
			isa = XCBuildConfiguration;
			buildSettings = {
				ASSETCATALOG_COMPILER_APPICON_NAME = AppIcon;
				ASSETCATALOG_COMPILER_GLOBAL_ACCENT_COLOR_NAME = AccentColor;
				CODE_SIGN_STYLE = Automatic;
				CURRENT_PROJECT_VERSION = 1;
				DEVELOPMENT_TEAM = G7W2JU7KHV;
				GENERATE_INFOPLIST_FILE = YES;
				INFOPLIST_FILE = WishListrChalenge/Info.plist;
				INFOPLIST_KEY_UIApplicationSupportsIndirectInputEvents = YES;
				INFOPLIST_KEY_UILaunchStoryboardName = LaunchScreen;
				INFOPLIST_KEY_UIMainStoryboardFile = "";
				INFOPLIST_KEY_UISupportedInterfaceOrientations_iPad = "UIInterfaceOrientationPortrait UIInterfaceOrientationPortraitUpsideDown UIInterfaceOrientationLandscapeLeft UIInterfaceOrientationLandscapeRight";
				INFOPLIST_KEY_UISupportedInterfaceOrientations_iPhone = "UIInterfaceOrientationPortrait UIInterfaceOrientationLandscapeLeft UIInterfaceOrientationLandscapeRight";
				LD_RUNPATH_SEARCH_PATHS = (
					"$(inherited)",
					"@executable_path/Frameworks",
				);
				MARKETING_VERSION = 1.0;
				PRODUCT_BUNDLE_IDENTIFIER = com.mobinjt.WishListrChalenge;
				PRODUCT_NAME = "$(TARGET_NAME)";
				SWIFT_EMIT_LOC_STRINGS = YES;
				SWIFT_VERSION = 5.0;
				TARGETED_DEVICE_FAMILY = "1,2";
			};
			name = Release;
		};
/* End XCBuildConfiguration section */

/* Begin XCConfigurationList section */
		616D0EC128D644BC004F5483 /* Build configuration list for PBXProject "WishListrChalenge" */ = {
			isa = XCConfigurationList;
			buildConfigurations = (
				616D0ED828D644BC004F5483 /* Debug */,
				616D0ED928D644BC004F5483 /* Release */,
			);
			defaultConfigurationIsVisible = 0;
			defaultConfigurationName = Release;
		};
		616D0EDA28D644BC004F5483 /* Build configuration list for PBXNativeTarget "WishListrChalenge" */ = {
			isa = XCConfigurationList;
			buildConfigurations = (
				616D0EDB28D644BC004F5483 /* Debug */,
				616D0EDC28D644BC004F5483 /* Release */,
			);
			defaultConfigurationIsVisible = 0;
			defaultConfigurationName = Release;
		};
/* End XCConfigurationList section */
	};
	rootObject = 616D0EBE28D644BC004F5483 /* Project object */;
}
